
Microsoft Visual Studio Solution File, Format Version 12.00
# Visual Studio 2012
Project("{FAE04EC0-301F-11D3-BF4B-00C04F79EFBC}") = "ConsoleTorrent", "ConsoleTorrent\ConsoleTorrent.csproj", "{0527D12E-45E4-47BE-96E8-6794D3D96464}"
EndProject
Project("{FAE04EC0-301F-11D3-BF4B-00C04F79EFBC}") = "MetroTorrent", "MetroTorrent\MetroTorrent.csproj", "{3FA5B7D3-37EF-4335-B297-09C3E80CF105}"
EndProject
Project("{FAE04EC0-301F-11D3-BF4B-00C04F79EFBC}") = "MonoTorrent", "MonoTorrent\MonoTorrent.csproj", "{411A9E0E-FDC6-4E25-828A-0C2CD1CD96F8}"
EndProject
Project("{FAE04EC0-301F-11D3-BF4B-00C04F79EFBC}") = "MonoTorrent.Dht", "MonoTorrent.Dht\MonoTorrent.Dht.csproj", "{7A2A7E73-FD43-4171-AA34-DA413D35459E}"
EndProject
Global
	GlobalSection(SolutionConfigurationPlatforms) = preSolution
		Debug|Any CPU = Debug|Any CPU
		Debug|ARM = Debug|ARM
		Debug|x64 = Debug|x64
		Debug|x86 = Debug|x86
		Release|Any CPU = Release|Any CPU
		Release|ARM = Release|ARM
		Release|x64 = Release|x64
		Release|x86 = Release|x86
		Stats|Any CPU = Stats|Any CPU
		Stats|ARM = Stats|ARM
		Stats|x64 = Stats|x64
		Stats|x86 = Stats|x86
	EndGlobalSection
	GlobalSection(ProjectConfigurationPlatforms) = postSolution
		{0527D12E-45E4-47BE-96E8-6794D3D96464}.Debug|Any CPU.ActiveCfg = Debug|Any CPU
		{0527D12E-45E4-47BE-96E8-6794D3D96464}.Debug|Any CPU.Build.0 = Debug|Any CPU
		{0527D12E-45E4-47BE-96E8-6794D3D96464}.Debug|ARM.ActiveCfg = Debug|Any CPU
		{0527D12E-45E4-47BE-96E8-6794D3D96464}.Debug|x64.ActiveCfg = Debug|Any CPU
		{0527D12E-45E4-47BE-96E8-6794D3D96464}.Debug|x86.ActiveCfg = Debug|Any CPU
		{0527D12E-45E4-47BE-96E8-6794D3D96464}.Release|Any CPU.ActiveCfg = Release|Any CPU
		{0527D12E-45E4-47BE-96E8-6794D3D96464}.Release|Any CPU.Build.0 = Release|Any CPU
		{0527D12E-45E4-47BE-96E8-6794D3D96464}.Release|ARM.ActiveCfg = Release|Any CPU
		{0527D12E-45E4-47BE-96E8-6794D3D96464}.Release|x64.ActiveCfg = Release|Any CPU
		{0527D12E-45E4-47BE-96E8-6794D3D96464}.Release|x86.ActiveCfg = Release|Any CPU
		{0527D12E-45E4-47BE-96E8-6794D3D96464}.Stats|Any CPU.ActiveCfg = Release|Any CPU
		{0527D12E-45E4-47BE-96E8-6794D3D96464}.Stats|Any CPU.Build.0 = Release|Any CPU
		{0527D12E-45E4-47BE-96E8-6794D3D96464}.Stats|ARM.ActiveCfg = Release|Any CPU
		{0527D12E-45E4-47BE-96E8-6794D3D96464}.Stats|x64.ActiveCfg = Release|Any CPU
		{0527D12E-45E4-47BE-96E8-6794D3D96464}.Stats|x86.ActiveCfg = Release|Any CPU
		{3FA5B7D3-37EF-4335-B297-09C3E80CF105}.Debug|Any CPU.ActiveCfg = Debug|Any CPU
		{3FA5B7D3-37EF-4335-B297-09C3E80CF105}.Debug|Any CPU.Build.0 = Debug|Any CPU
		{3FA5B7D3-37EF-4335-B297-09C3E80CF105}.Debug|Any CPU.Deploy.0 = Debug|Any CPU
		{3FA5B7D3-37EF-4335-B297-09C3E80CF105}.Debug|ARM.ActiveCfg = Debug|ARM
		{3FA5B7D3-37EF-4335-B297-09C3E80CF105}.Debug|ARM.Build.0 = Debug|ARM
		{3FA5B7D3-37EF-4335-B297-09C3E80CF105}.Debug|ARM.Deploy.0 = Debug|ARM
		{3FA5B7D3-37EF-4335-B297-09C3E80CF105}.Debug|x64.ActiveCfg = Debug|x64
		{3FA5B7D3-37EF-4335-B297-09C3E80CF105}.Debug|x64.Build.0 = Debug|x64
		{3FA5B7D3-37EF-4335-B297-09C3E80CF105}.Debug|x64.Deploy.0 = Debug|x64
		{3FA5B7D3-37EF-4335-B297-09C3E80CF105}.Debug|x86.ActiveCfg = Debug|x86
		{3FA5B7D3-37EF-4335-B297-09C3E80CF105}.Debug|x86.Build.0 = Debug|x86
		{3FA5B7D3-37EF-4335-B297-09C3E80CF105}.Debug|x86.Deploy.0 = Debug|x86
		{3FA5B7D3-37EF-4335-B297-09C3E80CF105}.Release|Any CPU.ActiveCfg = Release|Any CPU
		{3FA5B7D3-37EF-4335-B297-09C3E80CF105}.Release|Any CPU.Build.0 = Release|Any CPU
		{3FA5B7D3-37EF-4335-B297-09C3E80CF105}.Release|Any CPU.Deploy.0 = Release|Any CPU
		{3FA5B7D3-37EF-4335-B297-09C3E80CF105}.Release|ARM.ActiveCfg = Release|ARM
		{3FA5B7D3-37EF-4335-B297-09C3E80CF105}.Release|ARM.Build.0 = Release|ARM
		{3FA5B7D3-37EF-4335-B297-09C3E80CF105}.Release|ARM.Deploy.0 = Release|ARM
		{3FA5B7D3-37EF-4335-B297-09C3E80CF105}.Release|x64.ActiveCfg = Release|x64
		{3FA5B7D3-37EF-4335-B297-09C3E80CF105}.Release|x64.Build.0 = Release|x64
		{3FA5B7D3-37EF-4335-B297-09C3E80CF105}.Release|x64.Deploy.0 = Release|x64
		{3FA5B7D3-37EF-4335-B297-09C3E80CF105}.Release|x86.ActiveCfg = Release|x86
		{3FA5B7D3-37EF-4335-B297-09C3E80CF105}.Release|x86.Build.0 = Release|x86
		{3FA5B7D3-37EF-4335-B297-09C3E80CF105}.Release|x86.Deploy.0 = Release|x86
		{3FA5B7D3-37EF-4335-B297-09C3E80CF105}.Stats|Any CPU.ActiveCfg = Release|Any CPU
		{3FA5B7D3-37EF-4335-B297-09C3E80CF105}.Stats|Any CPU.Build.0 = Release|Any CPU
		{3FA5B7D3-37EF-4335-B297-09C3E80CF105}.Stats|Any CPU.Deploy.0 = Release|Any CPU
		{3FA5B7D3-37EF-4335-B297-09C3E80CF105}.Stats|ARM.ActiveCfg = Release|ARM
		{3FA5B7D3-37EF-4335-B297-09C3E80CF105}.Stats|ARM.Build.0 = Release|ARM
		{3FA5B7D3-37EF-4335-B297-09C3E80CF105}.Stats|ARM.Deploy.0 = Release|ARM
		{3FA5B7D3-37EF-4335-B297-09C3E80CF105}.Stats|x64.ActiveCfg = Release|x64
		{3FA5B7D3-37EF-4335-B297-09C3E80CF105}.Stats|x64.Build.0 = Release|x64
		{3FA5B7D3-37EF-4335-B297-09C3E80CF105}.Stats|x64.Deploy.0 = Release|x64
		{3FA5B7D3-37EF-4335-B297-09C3E80CF105}.Stats|x86.ActiveCfg = Release|x86
		{3FA5B7D3-37EF-4335-B297-09C3E80CF105}.Stats|x86.Build.0 = Release|x86
		{3FA5B7D3-37EF-4335-B297-09C3E80CF105}.Stats|x86.Deploy.0 = Release|x86
		{411A9E0E-FDC6-4E25-828A-0C2CD1CD96F8}.Debug|Any CPU.ActiveCfg = Debug|Any CPU
		{411A9E0E-FDC6-4E25-828A-0C2CD1CD96F8}.Debug|Any CPU.Build.0 = Debug|Any CPU
		{411A9E0E-FDC6-4E25-828A-0C2CD1CD96F8}.Debug|ARM.ActiveCfg = Debug|Any CPU
		{411A9E0E-FDC6-4E25-828A-0C2CD1CD96F8}.Debug|x64.ActiveCfg = Debug|Any CPU
		{411A9E0E-FDC6-4E25-828A-0C2CD1CD96F8}.Debug|x86.ActiveCfg = Debug|Any CPU
		{411A9E0E-FDC6-4E25-828A-0C2CD1CD96F8}.Release|Any CPU.ActiveCfg = Release|Any CPU
		{411A9E0E-FDC6-4E25-828A-0C2CD1CD96F8}.Release|Any CPU.Build.0 = Release|Any CPU
		{411A9E0E-FDC6-4E25-828A-0C2CD1CD96F8}.Release|ARM.ActiveCfg = Release|Any CPU
		{411A9E0E-FDC6-4E25-828A-0C2CD1CD96F8}.Release|x64.ActiveCfg = Release|Any CPU
		{411A9E0E-FDC6-4E25-828A-0C2CD1CD96F8}.Release|x86.ActiveCfg = Release|Any CPU
		{411A9E0E-FDC6-4E25-828A-0C2CD1CD96F8}.Stats|Any CPU.ActiveCfg = Stats|Any CPU
		{411A9E0E-FDC6-4E25-828A-0C2CD1CD96F8}.Stats|Any CPU.Build.0 = Stats|Any CPU
		{411A9E0E-FDC6-4E25-828A-0C2CD1CD96F8}.Stats|ARM.ActiveCfg = Stats|Any CPU
		{411A9E0E-FDC6-4E25-828A-0C2CD1CD96F8}.Stats|x64.ActiveCfg = Stats|Any CPU
		{411A9E0E-FDC6-4E25-828A-0C2CD1CD96F8}.Stats|x86.ActiveCfg = Stats|Any CPU
		{7A2A7E73-FD43-4171-AA34-DA413D35459E}.Debug|Any CPU.ActiveCfg = Debug|Any CPU
		{7A2A7E73-FD43-4171-AA34-DA413D35459E}.Debug|Any CPU.Build.0 = Debug|Any CPU
		{7A2A7E73-FD43-4171-AA34-DA413D35459E}.Debug|ARM.ActiveCfg = Debug|Any CPU
		{7A2A7E73-FD43-4171-AA34-DA413D35459E}.Debug|x64.ActiveCfg = Debug|Any CPU
		{7A2A7E73-FD43-4171-AA34-DA413D35459E}.Debug|x86.ActiveCfg = Debug|Any CPU
		{7A2A7E73-FD43-4171-AA34-DA413D35459E}.Release|Any CPU.ActiveCfg = Release|Any CPU
		{7A2A7E73-FD43-4171-AA34-DA413D35459E}.Release|Any CPU.Build.0 = Release|Any CPU
		{7A2A7E73-FD43-4171-AA34-DA413D35459E}.Release|ARM.ActiveCfg = Release|Any CPU
		{7A2A7E73-FD43-4171-AA34-DA413D35459E}.Release|x64.ActiveCfg = Release|Any CPU
		{7A2A7E73-FD43-4171-AA34-DA413D35459E}.Release|x86.ActiveCfg = Release|Any CPU
		{7A2A7E73-FD43-4171-AA34-DA413D35459E}.Stats|Any CPU.ActiveCfg = Release|Any CPU
		{7A2A7E73-FD43-4171-AA34-DA413D35459E}.Stats|Any CPU.Build.0 = Release|Any CPU
		{7A2A7E73-FD43-4171-AA34-DA413D35459E}.Stats|ARM.ActiveCfg = Release|Any CPU
		{7A2A7E73-FD43-4171-AA34-DA413D35459E}.Stats|x64.ActiveCfg = Release|Any CPU
		{7A2A7E73-FD43-4171-AA34-DA413D35459E}.Stats|x86.ActiveCfg = Release|Any CPU
	EndGlobalSection
	GlobalSection(SolutionProperties) = preSolution
		HideSolutionNode = FALSE
	EndGlobalSection
EndGlobal
